{
  "name": "@zozoto/encrypto",
  "version": "1.0.3",
  "lockfileVersion": 2,
  "requires": true,
  "packages": {
    "": {
      "name": "@zozoto/encrypto",
      "version": "1.0.3",
      "license": "GPL-3.0",
      "dependencies": {
        "@zozoto/encrypto": "^1.0.0"
      }
    },
    "node_modules/@zozoto/encrypto": {
      "version": "1.0.0",
      "resolved": "https://registry.npmjs.org/@zozoto/encrypto/-/encrypto-1.0.0.tgz",
      "integrity": "sha512-tiwnxyqe5D+EJ+8hSQrumlcRy3pQ5Kvcw6pOvX4GrLKJsCYk/Eu+3W8leTPdG7eVd0Z+dGe3KRIRkDnhBiyBeQ=="
    }
  },
  "dependencies": {
    "@zozoto/encrypto": {
      "version": "1.0.0",
      "resolved": "https://registry.npmjs.org/@zozoto/encrypto/-/encrypto-1.0.0.tgz",
      "integrity": "sha512-tiwnxyqe5D+EJ+8hSQrumlcRy3pQ5Kvcw6pOvX4GrLKJsCYk/Eu+3W8leTPdG7eVd0Z+dGe3KRIRkDnhBiyBeQ=="
    }
  }
}
